
Microsoft Visual Studio Solution File, Format Version 12.00
Project("{FAE04EC0-301F-11D3-BF4B-00C04F79EFBC}") = "Flawless.Shared", "Flawless.Shared\Flawless.Shared.csproj", "{825E512F-4283-4BE9-A88B-0316ED85796E}"
EndProject
Project("{FAE04EC0-301F-11D3-BF4B-00C04F79EFBC}") = "Flawless.Client", "Flawless.Client\Flawless.Client.csproj", "{7F847931-55E5-4F00-93F6-81881BFC61FE}"
EndProject
Project("{FAE04EC0-301F-11D3-BF4B-00C04F79EFBC}") = "Flawless.Client.Avanonia", "Flawless.Client.Avanonia\Flawless.Client.Avanonia.csproj", "{3901AE7A-27DA-4A43-9E22-6F64D812AC3E}"
EndProject
Project("{FAE04EC0-301F-11D3-BF4B-00C04F79EFBC}") = "Flawless.Server", "Flawless.Server\Flawless.Server.csproj", "{17EA1F4E-7D4E-485D-BDB5-18BBC3FB8DF9}"
EndProject
Global
	GlobalSection(SolutionConfigurationPlatforms) = preSolution
		Debug|Any CPU = Debug|Any CPU
		Release|Any CPU = Release|Any CPU
	EndGlobalSection
	GlobalSection(ProjectConfigurationPlatforms) = postSolution
		{825E512F-4283-4BE9-A88B-0316ED85796E}.Debug|Any CPU.ActiveCfg = Debug|Any CPU
		{825E512F-4283-4BE9-A88B-0316ED85796E}.Debug|Any CPU.Build.0 = Debug|Any CPU
		{825E512F-4283-4BE9-A88B-0316ED85796E}.Release|Any CPU.ActiveCfg = Release|Any CPU
		{825E512F-4283-4BE9-A88B-0316ED85796E}.Release|Any CPU.Build.0 = Release|Any CPU
		{7F847931-55E5-4F00-93F6-81881BFC61FE}.Debug|Any CPU.ActiveCfg = Debug|Any CPU
		{7F847931-55E5-4F00-93F6-81881BFC61FE}.Debug|Any CPU.Build.0 = Debug|Any CPU
		{7F847931-55E5-4F00-93F6-81881BFC61FE}.Release|Any CPU.ActiveCfg = Release|Any CPU
		{7F847931-55E5-4F00-93F6-81881BFC61FE}.Release|Any CPU.Build.0 = Release|Any CPU
		{3901AE7A-27DA-4A43-9E22-6F64D812AC3E}.Debug|Any CPU.ActiveCfg = Debug|Any CPU
		{3901AE7A-27DA-4A43-9E22-6F64D812AC3E}.Debug|Any CPU.Build.0 = Debug|Any CPU
		{3901AE7A-27DA-4A43-9E22-6F64D812AC3E}.Release|Any CPU.ActiveCfg = Release|Any CPU
		{3901AE7A-27DA-4A43-9E22-6F64D812AC3E}.Release|Any CPU.Build.0 = Release|Any CPU
		{17EA1F4E-7D4E-485D-BDB5-18BBC3FB8DF9}.Debug|Any CPU.ActiveCfg = Debug|Any CPU
		{17EA1F4E-7D4E-485D-BDB5-18BBC3FB8DF9}.Debug|Any CPU.Build.0 = Debug|Any CPU
		{17EA1F4E-7D4E-485D-BDB5-18BBC3FB8DF9}.Release|Any CPU.ActiveCfg = Release|Any CPU
		{17EA1F4E-7D4E-485D-BDB5-18BBC3FB8DF9}.Release|Any CPU.Build.0 = Release|Any CPU
	EndGlobalSection
EndGlobal
